// !$*UTF8*$!
{
	archiveVersion = 1;
	classes = {
	};
	objectVersion = 51;
	objects = {

/* Begin PBXBuildFile section */
		36F2FE1824A8C65700345A18 /* FBLineChartView.swift in Sources */ = {isa = PBXBuildFile; fileRef = 36F2FE1724A8C65700345A18 /* FBLineChartView.swift */; };
		36F2FE1924A8C65700345A18 /* FBLineChartView.swift in Sources */ = {isa = PBXBuildFile; fileRef = 36F2FE1724A8C65700345A18 /* FBLineChartView.swift */; };
		36F2FE1A24A8C65700345A18 /* FBLineChartView.swift in Sources */ = {isa = PBXBuildFile; fileRef = 36F2FE1724A8C65700345A18 /* FBLineChartView.swift */; };
		36F2FE1C24A8CAE400345A18 /* LineChartViewDelegate.swift in Sources */ = {isa = PBXBuildFile; fileRef = 36F2FE1B24A8CAE400345A18 /* LineChartViewDelegate.swift */; };
		36F2FE1D24A8CAE400345A18 /* LineChartViewDelegate.swift in Sources */ = {isa = PBXBuildFile; fileRef = 36F2FE1B24A8CAE400345A18 /* LineChartViewDelegate.swift */; };
		36F2FE1E24A8CAE400345A18 /* LineChartViewDelegate.swift in Sources */ = {isa = PBXBuildFile; fileRef = 36F2FE1B24A8CAE400345A18 /* LineChartViewDelegate.swift */; };
		36F2FE2024A8CAED00345A18 /* PaintScrollView.swift in Sources */ = {isa = PBXBuildFile; fileRef = 36F2FE1F24A8CAED00345A18 /* PaintScrollView.swift */; };
		36F2FE2124A8CAED00345A18 /* PaintScrollView.swift in Sources */ = {isa = PBXBuildFile; fileRef = 36F2FE1F24A8CAED00345A18 /* PaintScrollView.swift */; };
		36F2FE2224A8CAED00345A18 /* PaintScrollView.swift in Sources */ = {isa = PBXBuildFile; fileRef = 36F2FE1F24A8CAED00345A18 /* PaintScrollView.swift */; };
		36F2FE2424A8CB1900345A18 /* PublicContent.swift in Sources */ = {isa = PBXBuildFile; fileRef = 36F2FE2324A8CB1900345A18 /* PublicContent.swift */; };
		36F2FE2524A8CB1900345A18 /* PublicContent.swift in Sources */ = {isa = PBXBuildFile; fileRef = 36F2FE2324A8CB1900345A18 /* PublicContent.swift */; };
		36F2FE2624A8CB1900345A18 /* PublicContent.swift in Sources */ = {isa = PBXBuildFile; fileRef = 36F2FE2324A8CB1900345A18 /* PublicContent.swift */; };
		36F2FE2824A8CB2300345A18 /* LineChartConfig.swift in Sources */ = {isa = PBXBuildFile; fileRef = 36F2FE2724A8CB2300345A18 /* LineChartConfig.swift */; };
		36F2FE2924A8CB2300345A18 /* LineChartConfig.swift in Sources */ = {isa = PBXBuildFile; fileRef = 36F2FE2724A8CB2300345A18 /* LineChartConfig.swift */; };
		36F2FE2A24A8CB2300345A18 /* LineChartConfig.swift in Sources */ = {isa = PBXBuildFile; fileRef = 36F2FE2724A8CB2300345A18 /* LineChartConfig.swift */; };
		36F2FE2C24A8CB2D00345A18 /* ClearProcotol.swift in Sources */ = {isa = PBXBuildFile; fileRef = 36F2FE2B24A8CB2C00345A18 /* ClearProcotol.swift */; };
		36F2FE2D24A8CB2D00345A18 /* ClearProcotol.swift in Sources */ = {isa = PBXBuildFile; fileRef = 36F2FE2B24A8CB2C00345A18 /* ClearProcotol.swift */; };
		36F2FE2E24A8CB2D00345A18 /* ClearProcotol.swift in Sources */ = {isa = PBXBuildFile; fileRef = 36F2FE2B24A8CB2C00345A18 /* ClearProcotol.swift */; };
		36F2FE3024A8DB4B00345A18 /* LineChartView.swift in Sources */ = {isa = PBXBuildFile; fileRef = 36F2FE2F24A8DB4B00345A18 /* LineChartView.swift */; };
		67CE3F6EC249C9BAD713E0CE /* Pods_SPHTech.framework in Frameworks */ = {isa = PBXBuildFile; fileRef = F04A0C25330364001A80E8ED /* Pods_SPHTech.framework */; };
		77EBB39724A82B2000E39504 /* AppDelegate.swift in Sources */ = {isa = PBXBuildFile; fileRef = 77EBB39624A82B2000E39504 /* AppDelegate.swift */; };
		77EBB3A024A82B2200E39504 /* Assets.xcassets in Resources */ = {isa = PBXBuildFile; fileRef = 77EBB39F24A82B2200E39504 /* Assets.xcassets */; };
		77EBB3A324A82B2200E39504 /* LaunchScreen.storyboard in Resources */ = {isa = PBXBuildFile; fileRef = 77EBB3A124A82B2200E39504 /* LaunchScreen.storyboard */; };
		77EBB3AE24A82B2200E39504 /* SPHTechTests.swift in Sources */ = {isa = PBXBuildFile; fileRef = 77EBB3AD24A82B2200E39504 /* SPHTechTests.swift */; };
		77EBB3B924A82B2200E39504 /* SPHTechUITests.swift in Sources */ = {isa = PBXBuildFile; fileRef = 77EBB3B824A82B2200E39504 /* SPHTechUITests.swift */; };
		77EBB3CD24A833EB00E39504 /* ChartListViewController.swift in Sources */ = {isa = PBXBuildFile; fileRef = 77EBB3CB24A833EB00E39504 /* ChartListViewController.swift */; };
		77EBB3CE24A833EB00E39504 /* ChartListViewController.swift in Sources */ = {isa = PBXBuildFile; fileRef = 77EBB3CB24A833EB00E39504 /* ChartListViewController.swift */; };
		77EBB3CF24A833EB00E39504 /* ChartListViewController.swift in Sources */ = {isa = PBXBuildFile; fileRef = 77EBB3CB24A833EB00E39504 /* ChartListViewController.swift */; };
		77EBB3D024A833EB00E39504 /* ChartListViewController.xib in Resources */ = {isa = PBXBuildFile; fileRef = 77EBB3CC24A833EB00E39504 /* ChartListViewController.xib */; };
		77EBB3D124A833EB00E39504 /* ChartListViewController.xib in Resources */ = {isa = PBXBuildFile; fileRef = 77EBB3CC24A833EB00E39504 /* ChartListViewController.xib */; };
		77EBB3D224A833EB00E39504 /* ChartListViewController.xib in Resources */ = {isa = PBXBuildFile; fileRef = 77EBB3CC24A833EB00E39504 /* ChartListViewController.xib */; };
		77EBB3D824A834AC00E39504 /* BaseViewController.swift in Sources */ = {isa = PBXBuildFile; fileRef = 77EBB3D724A834AC00E39504 /* BaseViewController.swift */; };
		77EBB3D924A834AC00E39504 /* BaseViewController.swift in Sources */ = {isa = PBXBuildFile; fileRef = 77EBB3D724A834AC00E39504 /* BaseViewController.swift */; };
		77EBB3DA24A834AC00E39504 /* BaseViewController.swift in Sources */ = {isa = PBXBuildFile; fileRef = 77EBB3D724A834AC00E39504 /* BaseViewController.swift */; };
		77EBB3DC24A834CC00E39504 /* BaseNavigationViewController.swift in Sources */ = {isa = PBXBuildFile; fileRef = 77EBB3DB24A834CC00E39504 /* BaseNavigationViewController.swift */; };
		77EBB3DD24A834CC00E39504 /* BaseNavigationViewController.swift in Sources */ = {isa = PBXBuildFile; fileRef = 77EBB3DB24A834CC00E39504 /* BaseNavigationViewController.swift */; };
		77EBB3DE24A834CC00E39504 /* BaseNavigationViewController.swift in Sources */ = {isa = PBXBuildFile; fileRef = 77EBB3DB24A834CC00E39504 /* BaseNavigationViewController.swift */; };
		77EBB3FF24A85BE900E39504 /* ApiManager.swift in Sources */ = {isa = PBXBuildFile; fileRef = 77EBB3FE24A85BE900E39504 /* ApiManager.swift */; };
		77EBB40024A85BE900E39504 /* ApiManager.swift in Sources */ = {isa = PBXBuildFile; fileRef = 77EBB3FE24A85BE900E39504 /* ApiManager.swift */; };
		77EBB40124A85BE900E39504 /* ApiManager.swift in Sources */ = {isa = PBXBuildFile; fileRef = 77EBB3FE24A85BE900E39504 /* ApiManager.swift */; };
		77EBB40324A8637700E39504 /* RxMoya+Provider.swift in Sources */ = {isa = PBXBuildFile; fileRef = 77EBB40224A8637700E39504 /* RxMoya+Provider.swift */; };
		77EBB40424A8637700E39504 /* RxMoya+Provider.swift in Sources */ = {isa = PBXBuildFile; fileRef = 77EBB40224A8637700E39504 /* RxMoya+Provider.swift */; };
		77EBB40524A8637700E39504 /* RxMoya+Provider.swift in Sources */ = {isa = PBXBuildFile; fileRef = 77EBB40224A8637700E39504 /* RxMoya+Provider.swift */; };
		77EBB40724A86A6B00E39504 /* Const.swift in Sources */ = {isa = PBXBuildFile; fileRef = 77EBB40624A86A6B00E39504 /* Const.swift */; };
		77EBB40824A86A6B00E39504 /* Const.swift in Sources */ = {isa = PBXBuildFile; fileRef = 77EBB40624A86A6B00E39504 /* Const.swift */; };
		77EBB40924A86A6B00E39504 /* Const.swift in Sources */ = {isa = PBXBuildFile; fileRef = 77EBB40624A86A6B00E39504 /* Const.swift */; };
		77EBB40F24A8710A00E39504 /* ChartModel.swift in Sources */ = {isa = PBXBuildFile; fileRef = 77EBB40E24A8710A00E39504 /* ChartModel.swift */; };
		77EBB41024A8710A00E39504 /* ChartModel.swift in Sources */ = {isa = PBXBuildFile; fileRef = 77EBB40E24A8710A00E39504 /* ChartModel.swift */; };
		77EBB41124A8710A00E39504 /* ChartModel.swift in Sources */ = {isa = PBXBuildFile; fileRef = 77EBB40E24A8710A00E39504 /* ChartModel.swift */; };
		77EBB41524A87C3500E39504 /* Observable+Mapper.swift in Sources */ = {isa = PBXBuildFile; fileRef = 77EBB41424A87C3500E39504 /* Observable+Mapper.swift */; };
		77EBB41724A8817B00E39504 /* RequestModel.swift in Sources */ = {isa = PBXBuildFile; fileRef = 77EBB41624A8817B00E39504 /* RequestModel.swift */; };
		77EBB41C24A88B9700E39504 /* ChartListCell.swift in Sources */ = {isa = PBXBuildFile; fileRef = 77EBB41A24A88B9700E39504 /* ChartListCell.swift */; };
		77EBB41D24A88B9700E39504 /* ChartListCell.xib in Resources */ = {isa = PBXBuildFile; fileRef = 77EBB41B24A88B9700E39504 /* ChartListCell.xib */; };
/* End PBXBuildFile section */

/* Begin PBXContainerItemProxy section */
		77EBB3AA24A82B2200E39504 /* PBXContainerItemProxy */ = {
			isa = PBXContainerItemProxy;
			containerPortal = 77EBB38B24A82B2000E39504 /* Project object */;
			proxyType = 1;
			remoteGlobalIDString = 77EBB39224A82B2000E39504;
			remoteInfo = SPHTech;
		};
		77EBB3B524A82B2200E39504 /* PBXContainerItemProxy */ = {
			isa = PBXContainerItemProxy;
			containerPortal = 77EBB38B24A82B2000E39504 /* Project object */;
			proxyType = 1;
			remoteGlobalIDString = 77EBB39224A82B2000E39504;
			remoteInfo = SPHTech;
		};
/* End PBXContainerItemProxy section */

/* Begin PBXFileReference section */
		22DDE7CE93DFEC0D63D01D80 /* Pods-SPHTech.debug.xcconfig */ = {isa = PBXFileReference; includeInIndex = 1; lastKnownFileType = text.xcconfig; name = "Pods-SPHTech.debug.xcconfig"; path = "Target Support Files/Pods-SPHTech/Pods-SPHTech.debug.xcconfig"; sourceTree = "<group>"; };
		36F2FE1724A8C65700345A18 /* FBLineChartView.swift */ = {isa = PBXFileReference; fileEncoding = 4; lastKnownFileType = sourcecode.swift; path = FBLineChartView.swift; sourceTree = "<group>"; };
		36F2FE1B24A8CAE400345A18 /* LineChartViewDelegate.swift */ = {isa = PBXFileReference; fileEncoding = 4; lastKnownFileType = sourcecode.swift; path = LineChartViewDelegate.swift; sourceTree = "<group>"; };
		36F2FE1F24A8CAED00345A18 /* PaintScrollView.swift */ = {isa = PBXFileReference; fileEncoding = 4; lastKnownFileType = sourcecode.swift; path = PaintScrollView.swift; sourceTree = "<group>"; };
		36F2FE2324A8CB1900345A18 /* PublicContent.swift */ = {isa = PBXFileReference; fileEncoding = 4; lastKnownFileType = sourcecode.swift; path = PublicContent.swift; sourceTree = "<group>"; };
		36F2FE2724A8CB2300345A18 /* LineChartConfig.swift */ = {isa = PBXFileReference; fileEncoding = 4; lastKnownFileType = sourcecode.swift; path = LineChartConfig.swift; sourceTree = "<group>"; };
		36F2FE2B24A8CB2C00345A18 /* ClearProcotol.swift */ = {isa = PBXFileReference; fileEncoding = 4; lastKnownFileType = sourcecode.swift; path = ClearProcotol.swift; sourceTree = "<group>"; };
		36F2FE2F24A8DB4B00345A18 /* LineChartView.swift */ = {isa = PBXFileReference; lastKnownFileType = sourcecode.swift; path = LineChartView.swift; sourceTree = "<group>"; };
		6697C5576D105F0AA2CE8BD2 /* Pods-SPHTech.release.xcconfig */ = {isa = PBXFileReference; includeInIndex = 1; lastKnownFileType = text.xcconfig; name = "Pods-SPHTech.release.xcconfig"; path = "Target Support Files/Pods-SPHTech/Pods-SPHTech.release.xcconfig"; sourceTree = "<group>"; };
		77EBB39324A82B2000E39504 /* SPHTech.app */ = {isa = PBXFileReference; explicitFileType = wrapper.application; includeInIndex = 0; path = SPHTech.app; sourceTree = BUILT_PRODUCTS_DIR; };
		77EBB39624A82B2000E39504 /* AppDelegate.swift */ = {isa = PBXFileReference; lastKnownFileType = sourcecode.swift; path = AppDelegate.swift; sourceTree = "<group>"; };
		77EBB39F24A82B2200E39504 /* Assets.xcassets */ = {isa = PBXFileReference; lastKnownFileType = folder.assetcatalog; path = Assets.xcassets; sourceTree = "<group>"; };
		77EBB3A224A82B2200E39504 /* Base */ = {isa = PBXFileReference; lastKnownFileType = file.storyboard; name = Base; path = Base.lproj/LaunchScreen.storyboard; sourceTree = "<group>"; };
		77EBB3A424A82B2200E39504 /* Info.plist */ = {isa = PBXFileReference; lastKnownFileType = text.plist.xml; path = Info.plist; sourceTree = "<group>"; };
		77EBB3A924A82B2200E39504 /* SPHTechTests.xctest */ = {isa = PBXFileReference; explicitFileType = wrapper.cfbundle; includeInIndex = 0; path = SPHTechTests.xctest; sourceTree = BUILT_PRODUCTS_DIR; };
		77EBB3AD24A82B2200E39504 /* SPHTechTests.swift */ = {isa = PBXFileReference; lastKnownFileType = sourcecode.swift; path = SPHTechTests.swift; sourceTree = "<group>"; };
		77EBB3AF24A82B2200E39504 /* Info.plist */ = {isa = PBXFileReference; lastKnownFileType = text.plist.xml; path = Info.plist; sourceTree = "<group>"; };
		77EBB3B424A82B2200E39504 /* SPHTechUITests.xctest */ = {isa = PBXFileReference; explicitFileType = wrapper.cfbundle; includeInIndex = 0; path = SPHTechUITests.xctest; sourceTree = BUILT_PRODUCTS_DIR; };
		77EBB3B824A82B2200E39504 /* SPHTechUITests.swift */ = {isa = PBXFileReference; lastKnownFileType = sourcecode.swift; path = SPHTechUITests.swift; sourceTree = "<group>"; };
		77EBB3BA24A82B2200E39504 /* Info.plist */ = {isa = PBXFileReference; lastKnownFileType = text.plist.xml; path = Info.plist; sourceTree = "<group>"; };
		77EBB3CB24A833EB00E39504 /* ChartListViewController.swift */ = {isa = PBXFileReference; lastKnownFileType = sourcecode.swift; path = ChartListViewController.swift; sourceTree = "<group>"; };
		77EBB3CC24A833EB00E39504 /* ChartListViewController.xib */ = {isa = PBXFileReference; lastKnownFileType = file.xib; path = ChartListViewController.xib; sourceTree = "<group>"; };
		77EBB3D724A834AC00E39504 /* BaseViewController.swift */ = {isa = PBXFileReference; lastKnownFileType = sourcecode.swift; path = BaseViewController.swift; sourceTree = "<group>"; };
		77EBB3DB24A834CC00E39504 /* BaseNavigationViewController.swift */ = {isa = PBXFileReference; lastKnownFileType = sourcecode.swift; path = BaseNavigationViewController.swift; sourceTree = "<group>"; };
		77EBB3FE24A85BE900E39504 /* ApiManager.swift */ = {isa = PBXFileReference; lastKnownFileType = sourcecode.swift; path = ApiManager.swift; sourceTree = "<group>"; };
		77EBB40224A8637700E39504 /* RxMoya+Provider.swift */ = {isa = PBXFileReference; lastKnownFileType = sourcecode.swift; path = "RxMoya+Provider.swift"; sourceTree = "<group>"; };
		77EBB40624A86A6B00E39504 /* Const.swift */ = {isa = PBXFileReference; lastKnownFileType = sourcecode.swift; path = Const.swift; sourceTree = "<group>"; };
		77EBB40E24A8710A00E39504 /* ChartModel.swift */ = {isa = PBXFileReference; lastKnownFileType = sourcecode.swift; name = ChartModel.swift; path = SPHTech/Operation/Net/ChartModel.swift; sourceTree = SOURCE_ROOT; };
		77EBB41424A87C3500E39504 /* Observable+Mapper.swift */ = {isa = PBXFileReference; lastKnownFileType = sourcecode.swift; path = "Observable+Mapper.swift"; sourceTree = "<group>"; };
		77EBB41624A8817B00E39504 /* RequestModel.swift */ = {isa = PBXFileReference; lastKnownFileType = sourcecode.swift; path = RequestModel.swift; sourceTree = "<group>"; };
		77EBB41A24A88B9700E39504 /* ChartListCell.swift */ = {isa = PBXFileReference; lastKnownFileType = sourcecode.swift; name = ChartListCell.swift; path = SPHTech/Operation/Category/ChartListCell.swift; sourceTree = SOURCE_ROOT; };
		77EBB41B24A88B9700E39504 /* ChartListCell.xib */ = {isa = PBXFileReference; lastKnownFileType = file.xib; name = ChartListCell.xib; path = SPHTech/Operation/Category/ChartListCell.xib; sourceTree = SOURCE_ROOT; };
		F04A0C25330364001A80E8ED /* Pods_SPHTech.framework */ = {isa = PBXFileReference; explicitFileType = wrapper.framework; includeInIndex = 0; path = Pods_SPHTech.framework; sourceTree = BUILT_PRODUCTS_DIR; };
/* End PBXFileReference section */

/* Begin PBXFrameworksBuildPhase section */
		77EBB39024A82B2000E39504 /* Frameworks */ = {
			isa = PBXFrameworksBuildPhase;
			buildActionMask = 2147483647;
			files = (
				67CE3F6EC249C9BAD713E0CE /* Pods_SPHTech.framework in Frameworks */,
			);
			runOnlyForDeploymentPostprocessing = 0;
		};
		77EBB3A624A82B2200E39504 /* Frameworks */ = {
			isa = PBXFrameworksBuildPhase;
			buildActionMask = 2147483647;
			files = (
			);
			runOnlyForDeploymentPostprocessing = 0;
		};
		77EBB3B124A82B2200E39504 /* Frameworks */ = {
			isa = PBXFrameworksBuildPhase;
			buildActionMask = 2147483647;
			files = (
			);
			runOnlyForDeploymentPostprocessing = 0;
		};
/* End PBXFrameworksBuildPhase section */

/* Begin PBXGroup section */
		23FBE9DFD0AD8FFA5575C84C /* Frameworks */ = {
			isa = PBXGroup;
			children = (
				F04A0C25330364001A80E8ED /* Pods_SPHTech.framework */,
			);
			name = Frameworks;
			sourceTree = "<group>";
		};
		36F2FE1624A8C63C00345A18 /* ChartView */ = {
			isa = PBXGroup;
			children = (
				36F2FE1F24A8CAED00345A18 /* PaintScrollView.swift */,
				36F2FE1B24A8CAE400345A18 /* LineChartViewDelegate.swift */,
				36F2FE1724A8C65700345A18 /* FBLineChartView.swift */,
				36F2FE2724A8CB2300345A18 /* LineChartConfig.swift */,
				36F2FE2324A8CB1900345A18 /* PublicContent.swift */,
				36F2FE2B24A8CB2C00345A18 /* ClearProcotol.swift */,
				36F2FE2F24A8DB4B00345A18 /* LineChartView.swift */,
			);
			path = ChartView;
			sourceTree = "<group>";
		};
		77EBB38A24A82B2000E39504 = {
			isa = PBXGroup;
			children = (
				77EBB39524A82B2000E39504 /* SPHTech */,
				77EBB3AC24A82B2200E39504 /* SPHTechTests */,
				77EBB3B724A82B2200E39504 /* SPHTechUITests */,
				77EBB39424A82B2000E39504 /* Products */,
				E2BF4DDEB71D29705A824712 /* Pods */,
				23FBE9DFD0AD8FFA5575C84C /* Frameworks */,
			);
			sourceTree = "<group>";
		};
		77EBB39424A82B2000E39504 /* Products */ = {
			isa = PBXGroup;
			children = (
				77EBB39324A82B2000E39504 /* SPHTech.app */,
				77EBB3A924A82B2200E39504 /* SPHTechTests.xctest */,
				77EBB3B424A82B2200E39504 /* SPHTechUITests.xctest */,
			);
			name = Products;
			sourceTree = "<group>";
		};
		77EBB39524A82B2000E39504 /* SPHTech */ = {
			isa = PBXGroup;
			children = (
				77EBB3FA24A8411A00E39504 /* Components */,
				77EBB3C624A833BD00E39504 /* Class */,
				77EBB3EC24A8353200E39504 /* Config */,
				77EBB3ED24A8353200E39504 /* Operation */,
				77EBB39624A82B2000E39504 /* AppDelegate.swift */,
				77EBB39F24A82B2200E39504 /* Assets.xcassets */,
				77EBB3A124A82B2200E39504 /* LaunchScreen.storyboard */,
				77EBB3A424A82B2200E39504 /* Info.plist */,
			);
			path = SPHTech;
			sourceTree = "<group>";
		};
		77EBB3AC24A82B2200E39504 /* SPHTechTests */ = {
			isa = PBXGroup;
			children = (
				77EBB3AD24A82B2200E39504 /* SPHTechTests.swift */,
				77EBB3AF24A82B2200E39504 /* Info.plist */,
			);
			path = SPHTechTests;
			sourceTree = "<group>";
		};
		77EBB3B724A82B2200E39504 /* SPHTechUITests */ = {
			isa = PBXGroup;
			children = (
				77EBB3B824A82B2200E39504 /* SPHTechUITests.swift */,
				77EBB3BA24A82B2200E39504 /* Info.plist */,
			);
			path = SPHTechUITests;
			sourceTree = "<group>";
		};
		77EBB3C624A833BD00E39504 /* Class */ = {
			isa = PBXGroup;
			children = (
				77EBB3D324A8348900E39504 /* Base */,
				77EBB3C724A833BD00E39504 /* Chart */,
			);
			path = Class;
			sourceTree = "<group>";
		};
		77EBB3C724A833BD00E39504 /* Chart */ = {
			isa = PBXGroup;
			children = (
				77EBB3C824A833BD00E39504 /* Models */,
				77EBB3C924A833BD00E39504 /* Controllers */,
				77EBB3CA24A833BD00E39504 /* Views */,
			);
			path = Chart;
			sourceTree = "<group>";
		};
		77EBB3C824A833BD00E39504 /* Models */ = {
			isa = PBXGroup;
			children = (
				77EBB40E24A8710A00E39504 /* ChartModel.swift */,
			);
			path = Models;
			sourceTree = "<group>";
		};
		77EBB3C924A833BD00E39504 /* Controllers */ = {
			isa = PBXGroup;
			children = (
				77EBB3CB24A833EB00E39504 /* ChartListViewController.swift */,
				77EBB3CC24A833EB00E39504 /* ChartListViewController.xib */,
			);
			path = Controllers;
			sourceTree = "<group>";
		};
		77EBB3CA24A833BD00E39504 /* Views */ = {
			isa = PBXGroup;
			children = (
				77EBB41A24A88B9700E39504 /* ChartListCell.swift */,
				77EBB41B24A88B9700E39504 /* ChartListCell.xib */,
			);
			path = Views;
			sourceTree = "<group>";
		};
		77EBB3D324A8348900E39504 /* Base */ = {
			isa = PBXGroup;
			children = (
				77EBB3D524A834A200E39504 /* Controllers */,
				77EBB3D424A834A200E39504 /* Models */,
				77EBB3D624A834A200E39504 /* Views */,
			);
			path = Base;
			sourceTree = "<group>";
		};
		77EBB3D424A834A200E39504 /* Models */ = {
			isa = PBXGroup;
			children = (
			);
			path = Models;
			sourceTree = "<group>";
		};
		77EBB3D524A834A200E39504 /* Controllers */ = {
			isa = PBXGroup;
			children = (
				77EBB3D724A834AC00E39504 /* BaseViewController.swift */,
				77EBB3DB24A834CC00E39504 /* BaseNavigationViewController.swift */,
			);
			path = Controllers;
			sourceTree = "<group>";
		};
		77EBB3D624A834A200E39504 /* Views */ = {
			isa = PBXGroup;
			children = (
			);
			path = Views;
			sourceTree = "<group>";
		};
		77EBB3EC24A8353200E39504 /* Config */ = {
			isa = PBXGroup;
			children = (
				77EBB40624A86A6B00E39504 /* Const.swift */,
			);
			path = Config;
			sourceTree = "<group>";
		};
		77EBB3ED24A8353200E39504 /* Operation */ = {
			isa = PBXGroup;
			children = (
				77EBB3FB24A8442000E39504 /* Category */,
				77EBB3FC24A8442000E39504 /* Net */,
				77EBB3FD24A8442000E39504 /* Tools */,
			);
			path = Operation;
			sourceTree = "<group>";
		};
		77EBB3FA24A8411A00E39504 /* Components */ = {
			isa = PBXGroup;
			children = (
				36F2FE1624A8C63C00345A18 /* ChartView */,
			);
			path = Components;
			sourceTree = "<group>";
		};
		77EBB3FB24A8442000E39504 /* Category */ = {
			isa = PBXGroup;
			children = (
				77EBB40224A8637700E39504 /* RxMoya+Provider.swift */,
				77EBB41424A87C3500E39504 /* Observable+Mapper.swift */,
			);
			path = Category;
			sourceTree = "<group>";
		};
		77EBB3FC24A8442000E39504 /* Net */ = {
			isa = PBXGroup;
			children = (
				77EBB3FE24A85BE900E39504 /* ApiManager.swift */,
				77EBB41624A8817B00E39504 /* RequestModel.swift */,
			);
			path = Net;
			sourceTree = "<group>";
		};
		77EBB3FD24A8442000E39504 /* Tools */ = {
			isa = PBXGroup;
			children = (
			);
			path = Tools;
			sourceTree = "<group>";
		};
		E2BF4DDEB71D29705A824712 /* Pods */ = {
			isa = PBXGroup;
			children = (
				22DDE7CE93DFEC0D63D01D80 /* Pods-SPHTech.debug.xcconfig */,
				6697C5576D105F0AA2CE8BD2 /* Pods-SPHTech.release.xcconfig */,
			);
			path = Pods;
			sourceTree = "<group>";
		};
/* End PBXGroup section */

/* Begin PBXNativeTarget section */
		77EBB39224A82B2000E39504 /* SPHTech */ = {
			isa = PBXNativeTarget;
			buildConfigurationList = 77EBB3BD24A82B2200E39504 /* Build configuration list for PBXNativeTarget "SPHTech" */;
			buildPhases = (
				E3656C3124EF78FAC1B36F84 /* [CP] Check Pods Manifest.lock */,
				77EBB38F24A82B2000E39504 /* Sources */,
				77EBB39024A82B2000E39504 /* Frameworks */,
				77EBB39124A82B2000E39504 /* Resources */,
				4D16FBAADEEFC449EF3532D1 /* [CP] Embed Pods Frameworks */,
			);
			buildRules = (
			);
			dependencies = (
			);
			name = SPHTech;
			productName = SPHTech;
			productReference = 77EBB39324A82B2000E39504 /* SPHTech.app */;
			productType = "com.apple.product-type.application";
		};
		77EBB3A824A82B2200E39504 /* SPHTechTests */ = {
			isa = PBXNativeTarget;
			buildConfigurationList = 77EBB3C024A82B2200E39504 /* Build configuration list for PBXNativeTarget "SPHTechTests" */;
			buildPhases = (
				77EBB3A524A82B2200E39504 /* Sources */,
				77EBB3A624A82B2200E39504 /* Frameworks */,
				77EBB3A724A82B2200E39504 /* Resources */,
			);
			buildRules = (
			);
			dependencies = (
				77EBB3AB24A82B2200E39504 /* PBXTargetDependency */,
			);
			name = SPHTechTests;
			productName = SPHTechTests;
			productReference = 77EBB3A924A82B2200E39504 /* SPHTechTests.xctest */;
			productType = "com.apple.product-type.bundle.unit-test";
		};
		77EBB3B324A82B2200E39504 /* SPHTechUITests */ = {
			isa = PBXNativeTarget;
			buildConfigurationList = 77EBB3C324A82B2200E39504 /* Build configuration list for PBXNativeTarget "SPHTechUITests" */;
			buildPhases = (
				77EBB3B024A82B2200E39504 /* Sources */,
				77EBB3B124A82B2200E39504 /* Frameworks */,
				77EBB3B224A82B2200E39504 /* Resources */,
			);
			buildRules = (
			);
			dependencies = (
				77EBB3B624A82B2200E39504 /* PBXTargetDependency */,
			);
			name = SPHTechUITests;
			productName = SPHTechUITests;
			productReference = 77EBB3B424A82B2200E39504 /* SPHTechUITests.xctest */;
			productType = "com.apple.product-type.bundle.ui-testing";
		};
/* End PBXNativeTarget section */

/* Begin PBXProject section */
		77EBB38B24A82B2000E39504 /* Project object */ = {
			isa = PBXProject;
			attributes = {
				LastSwiftUpdateCheck = 1120;
				LastUpgradeCheck = 1120;
				ORGANIZATIONNAME = creazylee;
				TargetAttributes = {
					77EBB39224A82B2000E39504 = {
						CreatedOnToolsVersion = 11.2.1;
					};
					77EBB3A824A82B2200E39504 = {
						CreatedOnToolsVersion = 11.2.1;
						TestTargetID = 77EBB39224A82B2000E39504;
					};
					77EBB3B324A82B2200E39504 = {
						CreatedOnToolsVersion = 11.2.1;
						TestTargetID = 77EBB39224A82B2000E39504;
					};
				};
			};
			buildConfigurationList = 77EBB38E24A82B2000E39504 /* Build configuration list for PBXProject "SPHTech" */;
			compatibilityVersion = "Xcode 9.3";
			developmentRegion = en;
			hasScannedForEncodings = 0;
			knownRegions = (
				en,
				Base,
			);
			mainGroup = 77EBB38A24A82B2000E39504;
			productRefGroup = 77EBB39424A82B2000E39504 /* Products */;
			projectDirPath = "";
			projectRoot = "";
			targets = (
				77EBB39224A82B2000E39504 /* SPHTech */,
				77EBB3A824A82B2200E39504 /* SPHTechTests */,
				77EBB3B324A82B2200E39504 /* SPHTechUITests */,
			);
		};
/* End PBXProject section */

/* Begin PBXResourcesBuildPhase section */
		77EBB39124A82B2000E39504 /* Resources */ = {
			isa = PBXResourcesBuildPhase;
			buildActionMask = 2147483647;
			files = (
				77EBB41D24A88B9700E39504 /* ChartListCell.xib in Resources */,
				77EBB3D024A833EB00E39504 /* ChartListViewController.xib in Resources */,
				77EBB3A324A82B2200E39504 /* LaunchScreen.storyboard in Resources */,
				77EBB3A024A82B2200E39504 /* Assets.xcassets in Resources */,
			);
			runOnlyForDeploymentPostprocessing = 0;
		};
		77EBB3A724A82B2200E39504 /* Resources */ = {
			isa = PBXResourcesBuildPhase;
			buildActionMask = 2147483647;
			files = (
				77EBB3D124A833EB00E39504 /* ChartListViewController.xib in Resources */,
			);
			runOnlyForDeploymentPostprocessing = 0;
		};
		77EBB3B224A82B2200E39504 /* Resources */ = {
			isa = PBXResourcesBuildPhase;
			buildActionMask = 2147483647;
			files = (
				77EBB3D224A833EB00E39504 /* ChartListViewController.xib in Resources */,
			);
			runOnlyForDeploymentPostprocessing = 0;
		};
/* End PBXResourcesBuildPhase section */

/* Begin PBXShellScriptBuildPhase section */
		4D16FBAADEEFC449EF3532D1 /* [CP] Embed Pods Frameworks */ = {
			isa = PBXShellScriptBuildPhase;
			buildActionMask = 2147483647;
			files = (
			);
			inputFileListPaths = (
				"${PODS_ROOT}/Target Support Files/Pods-SPHTech/Pods-SPHTech-frameworks-${CONFIGURATION}-input-files.xcfilelist",
			);
			name = "[CP] Embed Pods Frameworks";
			outputFileListPaths = (
				"${PODS_ROOT}/Target Support Files/Pods-SPHTech/Pods-SPHTech-frameworks-${CONFIGURATION}-output-files.xcfilelist",
			);
			runOnlyForDeploymentPostprocessing = 0;
			shellPath = /bin/sh;
			shellScript = "\"${PODS_ROOT}/Target Support Files/Pods-SPHTech/Pods-SPHTech-frameworks.sh\"\n";
			showEnvVarsInLog = 0;
		};
		E3656C3124EF78FAC1B36F84 /* [CP] Check Pods Manifest.lock */ = {
			isa = PBXShellScriptBuildPhase;
			buildActionMask = 2147483647;
			files = (
			);
			inputFileListPaths = (
			);
			inputPaths = (
				"${PODS_PODFILE_DIR_PATH}/Podfile.lock",
				"${PODS_ROOT}/Manifest.lock",
			);
			name = "[CP] Check Pods Manifest.lock";
			outputFileListPaths = (
			);
			outputPaths = (
				"$(DERIVED_FILE_DIR)/Pods-SPHTech-checkManifestLockResult.txt",
			);
			runOnlyForDeploymentPostprocessing = 0;
			shellPath = /bin/sh;
			shellScript = "diff \"${PODS_PODFILE_DIR_PATH}/Podfile.lock\" \"${PODS_ROOT}/Manifest.lock\" > /dev/null\nif [ $? != 0 ] ; then\n    # print error to STDERR\n    echo \"error: The sandbox is not in sync with the Podfile.lock. Run 'pod install' or update your CocoaPods installation.\" >&2\n    exit 1\nfi\n# This output is used by Xcode 'outputs' to avoid re-running this script phase.\necho \"SUCCESS\" > \"${SCRIPT_OUTPUT_FILE_0}\"\n";
			showEnvVarsInLog = 0;
		};
/* End PBXShellScriptBuildPhase section */

/* Begin PBXSourcesBuildPhase section */
		77EBB38F24A82B2000E39504 /* Sources */ = {
			isa = PBXSourcesBuildPhase;
			buildActionMask = 2147483647;
			files = (
				36F2FE1C24A8CAE400345A18 /* LineChartViewDelegate.swift in Sources */,
				77EBB40324A8637700E39504 /* RxMoya+Provider.swift in Sources */,
				77EBB3CD24A833EB00E39504 /* ChartListViewController.swift in Sources */,
				77EBB39724A82B2000E39504 /* AppDelegate.swift in Sources */,
				77EBB41524A87C3500E39504 /* Observable+Mapper.swift in Sources */,
				36F2FE3024A8DB4B00345A18 /* LineChartView.swift in Sources */,
				77EBB3FF24A85BE900E39504 /* ApiManager.swift in Sources */,
				77EBB41C24A88B9700E39504 /* ChartListCell.swift in Sources */,
				36F2FE2424A8CB1900345A18 /* PublicContent.swift in Sources */,
				36F2FE2C24A8CB2D00345A18 /* ClearProcotol.swift in Sources */,
				36F2FE2824A8CB2300345A18 /* LineChartConfig.swift in Sources */,
				77EBB41724A8817B00E39504 /* RequestModel.swift in Sources */,
				77EBB3D824A834AC00E39504 /* BaseViewController.swift in Sources */,
				77EBB3DC24A834CC00E39504 /* BaseNavigationViewController.swift in Sources */,
				36F2FE1824A8C65700345A18 /* FBLineChartView.swift in Sources */,
				77EBB40F24A8710A00E39504 /* ChartModel.swift in Sources */,
				36F2FE2024A8CAED00345A18 /* PaintScrollView.swift in Sources */,
				77EBB40724A86A6B00E39504 /* Const.swift in Sources */,
			);
			runOnlyForDeploymentPostprocessing = 0;
		};
		77EBB3A524A82B2200E39504 /* Sources */ = {
			isa = PBXSourcesBuildPhase;
			buildActionMask = 2147483647;
			files = (
				77EBB40424A8637700E39504 /* RxMoya+Provider.swift in Sources */,
				77EBB3AE24A82B2200E39504 /* SPHTechTests.swift in Sources */,
				77EBB3CE24A833EB00E39504 /* ChartListViewController.swift in Sources */,
				77EBB40024A85BE900E39504 /* ApiManager.swift in Sources */,
				77EBB3D924A834AC00E39504 /* BaseViewController.swift in Sources */,
				36F2FE1924A8C65700345A18 /* FBLineChartView.swift in Sources */,
				36F2FE2124A8CAED00345A18 /* PaintScrollView.swift in Sources */,
				36F2FE2924A8CB2300345A18 /* LineChartConfig.swift in Sources */,
				77EBB3DD24A834CC00E39504 /* BaseNavigationViewController.swift in Sources */,
				36F2FE2524A8CB1900345A18 /* PublicContent.swift in Sources */,
				77EBB41024A8710A00E39504 /* ChartModel.swift in Sources */,
				36F2FE2D24A8CB2D00345A18 /* ClearProcotol.swift in Sources */,
				36F2FE1D24A8CAE400345A18 /* LineChartViewDelegate.swift in Sources */,
				77EBB40824A86A6B00E39504 /* Const.swift in Sources */,
			);
			runOnlyForDeploymentPostprocessing = 0;
		};
		77EBB3B024A82B2200E39504 /* Sources */ = {
			isa = PBXSourcesBuildPhase;
			buildActionMask = 2147483647;
			files = (
				77EBB40524A8637700E39504 /* RxMoya+Provider.swift in Sources */,
				77EBB3B924A82B2200E39504 /* SPHTechUITests.swift in Sources */,
				77EBB3CF24A833EB00E39504 /* ChartListViewController.swift in Sources */,
				77EBB40124A85BE900E39504 /* ApiManager.swift in Sources */,
				77EBB3DA24A834AC00E39504 /* BaseViewController.swift in Sources */,
				36F2FE1A24A8C65700345A18 /* FBLineChartView.swift in Sources */,
				36F2FE2224A8CAED00345A18 /* PaintScrollView.swift in Sources */,
				36F2FE2A24A8CB2300345A18 /* LineChartConfig.swift in Sources */,
				77EBB3DE24A834CC00E39504 /* BaseNavigationViewController.swift in Sources */,
				36F2FE2624A8CB1900345A18 /* PublicContent.swift in Sources */,
				77EBB41124A8710A00E39504 /* ChartModel.swift in Sources */,
				36F2FE2E24A8CB2D00345A18 /* ClearProcotol.swift in Sources */,
				36F2FE1E24A8CAE400345A18 /* LineChartViewDelegate.swift in Sources */,
				77EBB40924A86A6B00E39504 /* Const.swift in Sources */,
			);
			runOnlyForDeploymentPostprocessing = 0;
		};
/* End PBXSourcesBuildPhase section */

/* Begin PBXTargetDependency section */
		77EBB3AB24A82B2200E39504 /* PBXTargetDependency */ = {
			isa = PBXTargetDependency;
			target = 77EBB39224A82B2000E39504 /* SPHTech */;
			targetProxy = 77EBB3AA24A82B2200E39504 /* PBXContainerItemProxy */;
		};
		77EBB3B624A82B2200E39504 /* PBXTargetDependency */ = {
			isa = PBXTargetDependency;
			target = 77EBB39224A82B2000E39504 /* SPHTech */;
			targetProxy = 77EBB3B524A82B2200E39504 /* PBXContainerItemProxy */;
		};
/* End PBXTargetDependency section */

/* Begin PBXVariantGroup section */
		77EBB3A124A82B2200E39504 /* LaunchScreen.storyboard */ = {
			isa = PBXVariantGroup;
			children = (
				77EBB3A224A82B2200E39504 /* Base */,
			);
			name = LaunchScreen.storyboard;
			sourceTree = "<group>";
		};
/* End PBXVariantGroup section */

/* Begin XCBuildConfiguration section */
		77EBB3BB24A82B2200E39504 /* Debug */ = {
			isa = XCBuildConfiguration;
			buildSettings = {
				ALWAYS_SEARCH_USER_PATHS = NO;
				CLANG_ANALYZER_NONNULL = YES;
				CLANG_ANALYZER_NUMBER_OBJECT_CONVERSION = YES_AGGRESSIVE;
				CLANG_CXX_LANGUAGE_STANDARD = "gnu++14";
				CLANG_CXX_LIBRARY = "libc++";
				CLANG_ENABLE_MODULES = YES;
				CLANG_ENABLE_OBJC_ARC = YES;
				CLANG_ENABLE_OBJC_WEAK = YES;
				CLANG_WARN_BLOCK_CAPTURE_AUTORELEASING = YES;
				CLANG_WARN_BOOL_CONVERSION = YES;
				CLANG_WARN_COMMA = YES;
				CLANG_WARN_CONSTANT_CONVERSION = YES;
				CLANG_WARN_DEPRECATED_OBJC_IMPLEMENTATIONS = YES;
				CLANG_WARN_DIRECT_OBJC_ISA_USAGE = YES_ERROR;
				CLANG_WARN_DOCUMENTATION_COMMENTS = YES;
				CLANG_WARN_EMPTY_BODY = YES;
				CLANG_WARN_ENUM_CONVERSION = YES;
				CLANG_WARN_INFINITE_RECURSION = YES;
				CLANG_WARN_INT_CONVERSION = YES;
				CLANG_WARN_NON_LITERAL_NULL_CONVERSION = YES;
				CLANG_WARN_OBJC_IMPLICIT_RETAIN_SELF = YES;
				CLANG_WARN_OBJC_LITERAL_CONVERSION = YES;
				CLANG_WARN_OBJC_ROOT_CLASS = YES_ERROR;
				CLANG_WARN_RANGE_LOOP_ANALYSIS = YES;
				CLANG_WARN_STRICT_PROTOTYPES = YES;
				CLANG_WARN_SUSPICIOUS_MOVE = YES;
				CLANG_WARN_UNGUARDED_AVAILABILITY = YES_AGGRESSIVE;
				CLANG_WARN_UNREACHABLE_CODE = YES;
				CLANG_WARN__DUPLICATE_METHOD_MATCH = YES;
				COPY_PHASE_STRIP = NO;
				DEBUG_INFORMATION_FORMAT = dwarf;
				ENABLE_STRICT_OBJC_MSGSEND = YES;
				ENABLE_TESTABILITY = YES;
				GCC_C_LANGUAGE_STANDARD = gnu11;
				GCC_DYNAMIC_NO_PIC = NO;
				GCC_NO_COMMON_BLOCKS = YES;
				GCC_OPTIMIZATION_LEVEL = 0;
				GCC_PREPROCESSOR_DEFINITIONS = (
					"DEBUG=1",
					"$(inherited)",
				);
				GCC_WARN_64_TO_32_BIT_CONVERSION = YES;
				GCC_WARN_ABOUT_RETURN_TYPE = YES_ERROR;
				GCC_WARN_UNDECLARED_SELECTOR = YES;
				GCC_WARN_UNINITIALIZED_AUTOS = YES_AGGRESSIVE;
				GCC_WARN_UNUSED_FUNCTION = YES;
				GCC_WARN_UNUSED_VARIABLE = YES;
				IPHONEOS_DEPLOYMENT_TARGET = 10.0;
				MTL_ENABLE_DEBUG_INFO = INCLUDE_SOURCE;
				MTL_FAST_MATH = YES;
				ONLY_ACTIVE_ARCH = YES;
				SDKROOT = iphoneos;
				SWIFT_ACTIVE_COMPILATION_CONDITIONS = DEBUG;
				SWIFT_OPTIMIZATION_LEVEL = "-Onone";
			};
			name = Debug;
		};
		77EBB3BC24A82B2200E39504 /* Release */ = {
			isa = XCBuildConfiguration;
			buildSettings = {
				ALWAYS_SEARCH_USER_PATHS = NO;
				CLANG_ANALYZER_NONNULL = YES;
				CLANG_ANALYZER_NUMBER_OBJECT_CONVERSION = YES_AGGRESSIVE;
				CLANG_CXX_LANGUAGE_STANDARD = "gnu++14";
				CLANG_CXX_LIBRARY = "libc++";
				CLANG_ENABLE_MODULES = YES;
				CLANG_ENABLE_OBJC_ARC = YES;
				CLANG_ENABLE_OBJC_WEAK = YES;
				CLANG_WARN_BLOCK_CAPTURE_AUTORELEASING = YES;
				CLANG_WARN_BOOL_CONVERSION = YES;
				CLANG_WARN_COMMA = YES;
				CLANG_WARN_CONSTANT_CONVERSION = YES;
				CLANG_WARN_DEPRECATED_OBJC_IMPLEMENTATIONS = YES;
				CLANG_WARN_DIRECT_OBJC_ISA_USAGE = YES_ERROR;
				CLANG_WARN_DOCUMENTATION_COMMENTS = YES;
				CLANG_WARN_EMPTY_BODY = YES;
				CLANG_WARN_ENUM_CONVERSION = YES;
				CLANG_WARN_INFINITE_RECURSION = YES;
				CLANG_WARN_INT_CONVERSION = YES;
				CLANG_WARN_NON_LITERAL_NULL_CONVERSION = YES;
				CLANG_WARN_OBJC_IMPLICIT_RETAIN_SELF = YES;
				CLANG_WARN_OBJC_LITERAL_CONVERSION = YES;
				CLANG_WARN_OBJC_ROOT_CLASS = YES_ERROR;
				CLANG_WARN_RANGE_LOOP_ANALYSIS = YES;
				CLANG_WARN_STRICT_PROTOTYPES = YES;
				CLANG_WARN_SUSPICIOUS_MOVE = YES;
				CLANG_WARN_UNGUARDED_AVAILABILITY = YES_AGGRESSIVE;
				CLANG_WARN_UNREACHABLE_CODE = YES;
				CLANG_WARN__DUPLICATE_METHOD_MATCH = YES;
				COPY_PHASE_STRIP = NO;
				DEBUG_INFORMATION_FORMAT = "dwarf-with-dsym";
				ENABLE_NS_ASSERTIONS = NO;
				ENABLE_STRICT_OBJC_MSGSEND = YES;
				GCC_C_LANGUAGE_STANDARD = gnu11;
				GCC_NO_COMMON_BLOCKS = YES;
				GCC_WARN_64_TO_32_BIT_CONVERSION = YES;
				GCC_WARN_ABOUT_RETURN_TYPE = YES_ERROR;
				GCC_WARN_UNDECLARED_SELECTOR = YES;
				GCC_WARN_UNINITIALIZED_AUTOS = YES_AGGRESSIVE;
				GCC_WARN_UNUSED_FUNCTION = YES;
				GCC_WARN_UNUSED_VARIABLE = YES;
				IPHONEOS_DEPLOYMENT_TARGET = 10.0;
				MTL_ENABLE_DEBUG_INFO = NO;
				MTL_FAST_MATH = YES;
				SDKROOT = iphoneos;
				SWIFT_COMPILATION_MODE = wholemodule;
				SWIFT_OPTIMIZATION_LEVEL = "-O";
				VALIDATE_PRODUCT = YES;
			};
			name = Release;
		};
		77EBB3BE24A82B2200E39504 /* Debug */ = {
			isa = XCBuildConfiguration;
			baseConfigurationReference = 22DDE7CE93DFEC0D63D01D80 /* Pods-SPHTech.debug.xcconfig */;
			buildSettings = {
				ASSETCATALOG_COMPILER_APPICON_NAME = AppIcon;
				CODE_SIGN_STYLE = Automatic;
				INFOPLIST_FILE = SPHTech/Info.plist;
				LD_RUNPATH_SEARCH_PATHS = (
					"$(inherited)",
					"@executable_path/Frameworks",
				);
				PRODUCT_BUNDLE_IDENTIFIER = com.lee.SPHTech;
				PRODUCT_NAME = "$(TARGET_NAME)";
				SWIFT_VERSION = 5.0;
				TARGETED_DEVICE_FAMILY = "1,2";
			};
			name = Debug;
		};
		77EBB3BF24A82B2200E39504 /* Release */ = {
			isa = XCBuildConfiguration;
			baseConfigurationReference = 6697C5576D105F0AA2CE8BD2 /* Pods-SPHTech.release.xcconfig */;
			buildSettings = {
				ASSETCATALOG_COMPILER_APPICON_NAME = AppIcon;
				CODE_SIGN_STYLE = Automatic;
				INFOPLIST_FILE = SPHTech/Info.plist;
				LD_RUNPATH_SEARCH_PATHS = (
					"$(inherited)",
					"@executable_path/Frameworks",
				);
				PRODUCT_BUNDLE_IDENTIFIER = com.lee.SPHTech;
				PRODUCT_NAME = "$(TARGET_NAME)";
				SWIFT_VERSION = 5.0;
				TARGETED_DEVICE_FAMILY = "1,2";
			};
			name = Release;
		};
		77EBB3C124A82B2200E39504 /* Debug */ = {
			isa = XCBuildConfiguration;
			buildSettings = {
				ALWAYS_EMBED_SWIFT_STANDARD_LIBRARIES = YES;
				BUNDLE_LOADER = "$(TEST_HOST)";
				CODE_SIGN_STYLE = Automatic;
				INFOPLIST_FILE = SPHTechTests/Info.plist;
				IPHONEOS_DEPLOYMENT_TARGET = 13.2;
				LD_RUNPATH_SEARCH_PATHS = (
					"$(inherited)",
					"@executable_path/Frameworks",
					"@loader_path/Frameworks",
				);
				PRODUCT_BUNDLE_IDENTIFIER = com.lee.SPHTechTests;
				PRODUCT_NAME = "$(TARGET_NAME)";
				SWIFT_VERSION = 5.0;
				TARGETED_DEVICE_FAMILY = "1,2";
				TEST_HOST = "$(BUILT_PRODUCTS_DIR)/SPHTech.app/SPHTech";
			};
			name = Debug;
		};
		77EBB3C224A82B2200E39504 /* Release */ = {
			isa = XCBuildConfiguration;
			buildSettings = {
				ALWAYS_EMBED_SWIFT_STANDARD_LIBRARIES = YES;
				BUNDLE_LOADER = "$(TEST_HOST)";
				CODE_SIGN_STYLE = Automatic;
				INFOPLIST_FILE = SPHTechTests/Info.plist;
				IPHONEOS_DEPLOYMENT_TARGET = 13.2;
				LD_RUNPATH_SEARCH_PATHS = (
					"$(inherited)",
					"@executable_path/Frameworks",
					"@loader_path/Frameworks",
				);
				PRODUCT_BUNDLE_IDENTIFIER = com.lee.SPHTechTests;
				PRODUCT_NAME = "$(TARGET_NAME)";
				SWIFT_VERSION = 5.0;
				TARGETED_DEVICE_FAMILY = "1,2";
				TEST_HOST = "$(BUILT_PRODUCTS_DIR)/SPHTech.app/SPHTech";
			};
			name = Release;
		};
		77EBB3C424A82B2200E39504 /* Debug */ = {
			isa = XCBuildConfiguration;
			buildSettings = {
				ALWAYS_EMBED_SWIFT_STANDARD_LIBRARIES = YES;
				CODE_SIGN_STYLE = Automatic;
				INFOPLIST_FILE = SPHTechUITests/Info.plist;
				LD_RUNPATH_SEARCH_PATHS = (
					"$(inherited)",
					"@executable_path/Frameworks",
					"@loader_path/Frameworks",
				);
				PRODUCT_BUNDLE_IDENTIFIER = com.lee.SPHTechUITests;
				PRODUCT_NAME = "$(TARGET_NAME)";
				SWIFT_VERSION = 5.0;
				TARGETED_DEVICE_FAMILY = "1,2";
				TEST_TARGET_NAME = SPHTech;
			};
			name = Debug;
		};
		77EBB3C524A82B2200E39504 /* Release */ = {
			isa = XCBuildConfiguration;
			buildSettings = {
				ALWAYS_EMBED_SWIFT_STANDARD_LIBRARIES = YES;
				CODE_SIGN_STYLE = Automatic;
				INFOPLIST_FILE = SPHTechUITests/Info.plist;
				LD_RUNPATH_SEARCH_PATHS = (
					"$(inherited)",
					"@executable_path/Frameworks",
					"@loader_path/Frameworks",
				);
				PRODUCT_BUNDLE_IDENTIFIER = com.lee.SPHTechUITests;
				PRODUCT_NAME = "$(TARGET_NAME)";
				SWIFT_VERSION = 5.0;
				TARGETED_DEVICE_FAMILY = "1,2";
				TEST_TARGET_NAME = SPHTech;
			};
			name = Release;
		};
/* End XCBuildConfiguration section */

/* Begin XCConfigurationList section */
		77EBB38E24A82B2000E39504 /* Build configuration list for PBXProject "SPHTech" */ = {
			isa = XCConfigurationList;
			buildConfigurations = (
				77EBB3BB24A82B2200E39504 /* Debug */,
				77EBB3BC24A82B2200E39504 /* Release */,
			);
			defaultConfigurationIsVisible = 0;
			defaultConfigurationName = Release;
		};
		77EBB3BD24A82B2200E39504 /* Build configuration list for PBXNativeTarget "SPHTech" */ = {
			isa = XCConfigurationList;
			buildConfigurations = (
				77EBB3BE24A82B2200E39504 /* Debug */,
				77EBB3BF24A82B2200E39504 /* Release */,
			);
			defaultConfigurationIsVisible = 0;
			defaultConfigurationName = Release;
		};
		77EBB3C024A82B2200E39504 /* Build configuration list for PBXNativeTarget "SPHTechTests" */ = {
			isa = XCConfigurationList;
			buildConfigurations = (
				77EBB3C124A82B2200E39504 /* Debug */,
				77EBB3C224A82B2200E39504 /* Release */,
			);
			defaultConfigurationIsVisible = 0;
			defaultConfigurationName = Release;
		};
		77EBB3C324A82B2200E39504 /* Build configuration list for PBXNativeTarget "SPHTechUITests" */ = {
			isa = XCConfigurationList;
			buildConfigurations = (
				77EBB3C424A82B2200E39504 /* Debug */,
				77EBB3C524A82B2200E39504 /* Release */,
			);
			defaultConfigurationIsVisible = 0;
			defaultConfigurationName = Release;
		};
/* End XCConfigurationList section */
	};
	rootObject = 77EBB38B24A82B2000E39504 /* Project object */;
}
